// !$*UTF8*$!
{
	archiveVersion = 1;
	classes = {
	};
	objectVersion = 52;
	objects = {

/* Begin PBXBuildFile section */
		B0117A8A25CB3704004C1486 /* DependeciesContainer.swift in Sources */ = {isa = PBXBuildFile; fileRef = B0117A8925CB3704004C1486 /* DependeciesContainer.swift */; };
		B03260E5258FA8D2009F8DAE /* ProfileScreen.swift in Sources */ = {isa = PBXBuildFile; fileRef = B03260E4258FA8D2009F8DAE /* ProfileScreen.swift */; };
		B03260E8258FDF81009F8DAE /* CompetitionsListView.swift in Sources */ = {isa = PBXBuildFile; fileRef = B03260E7258FDF81009F8DAE /* CompetitionsListView.swift */; };
		B03260EB258FE088009F8DAE /* CompetitionsListViewModel.swift in Sources */ = {isa = PBXBuildFile; fileRef = B03260EA258FE088009F8DAE /* CompetitionsListViewModel.swift */; };
		B03260F0258FE907009F8DAE /* TeamsScreen.swift in Sources */ = {isa = PBXBuildFile; fileRef = B03260EF258FE907009F8DAE /* TeamsScreen.swift */; };
		B03260F4258FE936009F8DAE /* TeamsView.swift in Sources */ = {isa = PBXBuildFile; fileRef = B03260F3258FE936009F8DAE /* TeamsView.swift */; };
		B03260F7258FE980009F8DAE /* TeamsViewModel.swift in Sources */ = {isa = PBXBuildFile; fileRef = B03260F6258FE980009F8DAE /* TeamsViewModel.swift */; };
		B0532F0F25C3EC1000BCD115 /* FootballService in Frameworks */ = {isa = PBXBuildFile; productRef = B0532F0E25C3EC1000BCD115 /* FootballService */; };
		B0532F1825C44E9A00BCD115 /* ServiceLocator.swift in Sources */ = {isa = PBXBuildFile; fileRef = B0532F1725C44E9900BCD115 /* ServiceLocator.swift */; };
		B07C4B7A258951FE005D01F4 /* OtusHomeWorkApp.swift in Sources */ = {isa = PBXBuildFile; fileRef = B07C4B79258951FE005D01F4 /* OtusHomeWorkApp.swift */; };
		B07C4B7C258951FE005D01F4 /* RootView.swift in Sources */ = {isa = PBXBuildFile; fileRef = B07C4B7B258951FE005D01F4 /* RootView.swift */; };
		B07C4B7E25895201005D01F4 /* Assets.xcassets in Resources */ = {isa = PBXBuildFile; fileRef = B07C4B7D25895201005D01F4 /* Assets.xcassets */; };
		B07C4B8125895201005D01F4 /* Preview Assets.xcassets in Resources */ = {isa = PBXBuildFile; fileRef = B07C4B8025895201005D01F4 /* Preview Assets.xcassets */; };
		B07C4B952589613B005D01F4 /* NewsScreen.swift in Sources */ = {isa = PBXBuildFile; fileRef = B07C4B942589613B005D01F4 /* NewsScreen.swift */; };
		B07C4B98258963BE005D01F4 /* CompetitionsScreen.swift in Sources */ = {isa = PBXBuildFile; fileRef = B07C4B97258963BE005D01F4 /* CompetitionsScreen.swift */; };
		B07E82DB25AF1F7C009399AA /* UIComponents in Frameworks */ = {isa = PBXBuildFile; productRef = B07E82DA25AF1F7C009399AA /* UIComponents */; };
		B07E82E025AF8938009399AA /* MatchView.swift in Sources */ = {isa = PBXBuildFile; fileRef = B07E82DF25AF8937009399AA /* MatchView.swift */; };
		B07E82E325AF8A0C009399AA /* Extensions.swift in Sources */ = {isa = PBXBuildFile; fileRef = B07E82E225AF8A0C009399AA /* Extensions.swift */; };
		B07E82ED25B0DDF8009399AA /* TeamView.swift in Sources */ = {isa = PBXBuildFile; fileRef = B07E82EC25B0DDF8009399AA /* TeamView.swift */; };
		B0B448DD25AC384300FCD9B9 /* Networking in Frameworks */ = {isa = PBXBuildFile; productRef = B0B448DC25AC384300FCD9B9 /* Networking */; };
		B0B44A6525ACBF2500FCD9B9 /* CompetitionView.swift in Sources */ = {isa = PBXBuildFile; fileRef = B0B44A6425ACBF2500FCD9B9 /* CompetitionView.swift */; };
		B0B44A6825ACC0B200FCD9B9 /* CompetitionViewModel.swift in Sources */ = {isa = PBXBuildFile; fileRef = B0B44A6725ACC0B200FCD9B9 /* CompetitionViewModel.swift */; };
		B0B44A6C25ACEE2200FCD9B9 /* MatchesView.swift in Sources */ = {isa = PBXBuildFile; fileRef = B0B44A6B25ACEE2100FCD9B9 /* MatchesView.swift */; };
		B0B44A6F25ACEE7800FCD9B9 /* MatchesListViewModel.swift in Sources */ = {isa = PBXBuildFile; fileRef = B0B44A6E25ACEE7800FCD9B9 /* MatchesListViewModel.swift */; };
/* End PBXBuildFile section */

/* Begin PBXFileReference section */
		B0117A8925CB3704004C1486 /* DependeciesContainer.swift */ = {isa = PBXFileReference; lastKnownFileType = sourcecode.swift; path = DependeciesContainer.swift; sourceTree = "<group>"; };
		B03260E4258FA8D2009F8DAE /* ProfileScreen.swift */ = {isa = PBXFileReference; lastKnownFileType = sourcecode.swift; path = ProfileScreen.swift; sourceTree = "<group>"; };
		B03260E7258FDF81009F8DAE /* CompetitionsListView.swift */ = {isa = PBXFileReference; lastKnownFileType = sourcecode.swift; path = CompetitionsListView.swift; sourceTree = "<group>"; };
		B03260EA258FE088009F8DAE /* CompetitionsListViewModel.swift */ = {isa = PBXFileReference; lastKnownFileType = sourcecode.swift; path = CompetitionsListViewModel.swift; sourceTree = "<group>"; };
		B03260EF258FE907009F8DAE /* TeamsScreen.swift */ = {isa = PBXFileReference; lastKnownFileType = sourcecode.swift; path = TeamsScreen.swift; sourceTree = "<group>"; };
		B03260F3258FE936009F8DAE /* TeamsView.swift */ = {isa = PBXFileReference; lastKnownFileType = sourcecode.swift; path = TeamsView.swift; sourceTree = "<group>"; };
		B03260F6258FE980009F8DAE /* TeamsViewModel.swift */ = {isa = PBXFileReference; lastKnownFileType = sourcecode.swift; path = TeamsViewModel.swift; sourceTree = "<group>"; };
		B0532F0A25C3E6BF00BCD115 /* FootballService */ = {isa = PBXFileReference; lastKnownFileType = folder; path = FootballService; sourceTree = "<group>"; };
		B0532F1725C44E9900BCD115 /* ServiceLocator.swift */ = {isa = PBXFileReference; lastKnownFileType = sourcecode.swift; path = ServiceLocator.swift; sourceTree = "<group>"; };
		B07C4B76258951FE005D01F4 /* OtusHomeWork.app */ = {isa = PBXFileReference; explicitFileType = wrapper.application; includeInIndex = 0; path = OtusHomeWork.app; sourceTree = BUILT_PRODUCTS_DIR; };
		B07C4B79258951FE005D01F4 /* OtusHomeWorkApp.swift */ = {isa = PBXFileReference; lastKnownFileType = sourcecode.swift; path = OtusHomeWorkApp.swift; sourceTree = "<group>"; };
		B07C4B7B258951FE005D01F4 /* RootView.swift */ = {isa = PBXFileReference; lastKnownFileType = sourcecode.swift; path = RootView.swift; sourceTree = "<group>"; };
		B07C4B7D25895201005D01F4 /* Assets.xcassets */ = {isa = PBXFileReference; lastKnownFileType = folder.assetcatalog; path = Assets.xcassets; sourceTree = "<group>"; };
		B07C4B8025895201005D01F4 /* Preview Assets.xcassets */ = {isa = PBXFileReference; lastKnownFileType = folder.assetcatalog; path = "Preview Assets.xcassets"; sourceTree = "<group>"; };
		B07C4B8225895201005D01F4 /* Info.plist */ = {isa = PBXFileReference; lastKnownFileType = text.plist.xml; path = Info.plist; sourceTree = "<group>"; };
		B07C4B942589613B005D01F4 /* NewsScreen.swift */ = {isa = PBXFileReference; lastKnownFileType = sourcecode.swift; path = NewsScreen.swift; sourceTree = "<group>"; };
		B07C4B97258963BE005D01F4 /* CompetitionsScreen.swift */ = {isa = PBXFileReference; lastKnownFileType = sourcecode.swift; path = CompetitionsScreen.swift; sourceTree = "<group>"; };
		B07E82D825AF1CE6009399AA /* UIComponents */ = {isa = PBXFileReference; lastKnownFileType = folder; path = UIComponents; sourceTree = "<group>"; };
		B07E82DF25AF8937009399AA /* MatchView.swift */ = {isa = PBXFileReference; lastKnownFileType = sourcecode.swift; path = MatchView.swift; sourceTree = "<group>"; };
		B07E82E225AF8A0C009399AA /* Extensions.swift */ = {isa = PBXFileReference; lastKnownFileType = sourcecode.swift; path = Extensions.swift; sourceTree = "<group>"; };
		B07E82EC25B0DDF8009399AA /* TeamView.swift */ = {isa = PBXFileReference; lastKnownFileType = sourcecode.swift; path = TeamView.swift; sourceTree = "<group>"; };
		B0B448D725AB9C2600FCD9B9 /* Networking */ = {isa = PBXFileReference; lastKnownFileType = folder; path = Networking; sourceTree = "<group>"; };
		B0B44A6425ACBF2500FCD9B9 /* CompetitionView.swift */ = {isa = PBXFileReference; lastKnownFileType = sourcecode.swift; path = CompetitionView.swift; sourceTree = "<group>"; };
		B0B44A6725ACC0B200FCD9B9 /* CompetitionViewModel.swift */ = {isa = PBXFileReference; lastKnownFileType = sourcecode.swift; path = CompetitionViewModel.swift; sourceTree = "<group>"; };
		B0B44A6B25ACEE2100FCD9B9 /* MatchesView.swift */ = {isa = PBXFileReference; lastKnownFileType = sourcecode.swift; path = MatchesView.swift; sourceTree = "<group>"; };
		B0B44A6E25ACEE7800FCD9B9 /* MatchesListViewModel.swift */ = {isa = PBXFileReference; lastKnownFileType = sourcecode.swift; path = MatchesListViewModel.swift; sourceTree = "<group>"; };
/* End PBXFileReference section */

/* Begin PBXFrameworksBuildPhase section */
		B07C4B73258951FE005D01F4 /* Frameworks */ = {
			isa = PBXFrameworksBuildPhase;
			buildActionMask = 2147483647;
			files = (
				B07E82DB25AF1F7C009399AA /* UIComponents in Frameworks */,
				B0532F0F25C3EC1000BCD115 /* FootballService in Frameworks */,
				B0B448DD25AC384300FCD9B9 /* Networking in Frameworks */,
			);
			runOnlyForDeploymentPostprocessing = 0;
		};
/* End PBXFrameworksBuildPhase section */

/* Begin PBXGroup section */
		B03260E3258FA85B009F8DAE /* Profile */ = {
			isa = PBXGroup;
			children = (
				B03260E4258FA8D2009F8DAE /* ProfileScreen.swift */,
			);
			path = Profile;
			sourceTree = "<group>";
		};
		B03260EE258FE890009F8DAE /* Teams */ = {
			isa = PBXGroup;
			children = (
				B03260EF258FE907009F8DAE /* TeamsScreen.swift */,
				B03260F3258FE936009F8DAE /* TeamsView.swift */,
				B03260F6258FE980009F8DAE /* TeamsViewModel.swift */,
			);
			path = Teams;
			sourceTree = "<group>";
		};
		B07C4B6D258951FE005D01F4 = {
			isa = PBXGroup;
			children = (
				B07C4B78258951FE005D01F4 /* OtusHomeWork */,
				B07C4B77258951FE005D01F4 /* Products */,
				B0B448DB25AC384300FCD9B9 /* Frameworks */,
			);
			sourceTree = "<group>";
		};
		B07C4B77258951FE005D01F4 /* Products */ = {
			isa = PBXGroup;
			children = (
				B07C4B76258951FE005D01F4 /* OtusHomeWork.app */,
			);
			name = Products;
			sourceTree = "<group>";
		};
		B07C4B78258951FE005D01F4 /* OtusHomeWork */ = {
			isa = PBXGroup;
			children = (
				B0B448D625AB9AF100FCD9B9 /* Modules */,
				B07C4B79258951FE005D01F4 /* OtusHomeWorkApp.swift */,
				B07C4B7B258951FE005D01F4 /* RootView.swift */,
				B07E82E225AF8A0C009399AA /* Extensions.swift */,
				B0532F1725C44E9900BCD115 /* ServiceLocator.swift */,
				B0117A8925CB3704004C1486 /* DependeciesContainer.swift */,
				B07C4B9025895A8A005D01F4 /* Data */,
				B07C4B9125895AA3005D01F4 /* NewsScreen */,
				B07C4B9225895AD2005D01F4 /* CompetitionsScreen */,
				B0B44A6325ACB9BD00FCD9B9 /* CompetitionScreen */,
				B0B44A6A25ACEDE900FCD9B9 /* Matches */,
				B07E82DE25AF88E9009399AA /* Match */,
				B03260EE258FE890009F8DAE /* Teams */,
				B07E82EB25B0DDD3009399AA /* Team */,
				B03260E3258FA85B009F8DAE /* Profile */,
				B07C4B7D25895201005D01F4 /* Assets.xcassets */,
				B07C4B8225895201005D01F4 /* Info.plist */,
				B07C4B7F25895201005D01F4 /* Preview Content */,
			);
			path = OtusHomeWork;
			sourceTree = "<group>";
		};
		B07C4B7F25895201005D01F4 /* Preview Content */ = {
			isa = PBXGroup;
			children = (
				B07C4B8025895201005D01F4 /* Preview Assets.xcassets */,
			);
			path = "Preview Content";
			sourceTree = "<group>";
		};
		B07C4B9025895A8A005D01F4 /* Data */ = {
			isa = PBXGroup;
			children = (
			);
			path = Data;
			sourceTree = "<group>";
		};
		B07C4B9125895AA3005D01F4 /* NewsScreen */ = {
			isa = PBXGroup;
			children = (
				B07C4B942589613B005D01F4 /* NewsScreen.swift */,
			);
			path = NewsScreen;
			sourceTree = "<group>";
		};
		B07C4B9225895AD2005D01F4 /* CompetitionsScreen */ = {
			isa = PBXGroup;
			children = (
				B07C4B97258963BE005D01F4 /* CompetitionsScreen.swift */,
				B03260E7258FDF81009F8DAE /* CompetitionsListView.swift */,
				B03260EA258FE088009F8DAE /* CompetitionsListViewModel.swift */,
			);
			path = CompetitionsScreen;
			sourceTree = "<group>";
		};
		B07E82DE25AF88E9009399AA /* Match */ = {
			isa = PBXGroup;
			children = (
				B07E82DF25AF8937009399AA /* MatchView.swift */,
			);
			path = Match;
			sourceTree = "<group>";
		};
		B07E82EB25B0DDD3009399AA /* Team */ = {
			isa = PBXGroup;
			children = (
				B07E82EC25B0DDF8009399AA /* TeamView.swift */,
			);
			path = Team;
			sourceTree = "<group>";
		};
		B0B448D625AB9AF100FCD9B9 /* Modules */ = {
			isa = PBXGroup;
			children = (
				B0B448D725AB9C2600FCD9B9 /* Networking */,
				B0532F0A25C3E6BF00BCD115 /* FootballService */,
				B07E82D825AF1CE6009399AA /* UIComponents */,
			);
			path = Modules;
			sourceTree = "<group>";
		};
		B0B448DB25AC384300FCD9B9 /* Frameworks */ = {
			isa = PBXGroup;
			children = (
			);
			name = Frameworks;
			sourceTree = "<group>";
		};
		B0B44A6325ACB9BD00FCD9B9 /* CompetitionScreen */ = {
			isa = PBXGroup;
			children = (
				B0B44A6425ACBF2500FCD9B9 /* CompetitionView.swift */,
				B0B44A6725ACC0B200FCD9B9 /* CompetitionViewModel.swift */,
			);
			path = CompetitionScreen;
			sourceTree = "<group>";
		};
		B0B44A6A25ACEDE900FCD9B9 /* Matches */ = {
			isa = PBXGroup;
			children = (
				B0B44A6B25ACEE2100FCD9B9 /* MatchesView.swift */,
				B0B44A6E25ACEE7800FCD9B9 /* MatchesListViewModel.swift */,
			);
			path = Matches;
			sourceTree = "<group>";
		};
/* End PBXGroup section */

/* Begin PBXNativeTarget section */
		B07C4B75258951FE005D01F4 /* OtusHomeWork */ = {
			isa = PBXNativeTarget;
			buildConfigurationList = B07C4B8525895201005D01F4 /* Build configuration list for PBXNativeTarget "OtusHomeWork" */;
			buildPhases = (
				B07C4B72258951FE005D01F4 /* Sources */,
				B07C4B73258951FE005D01F4 /* Frameworks */,
				B07C4B74258951FE005D01F4 /* Resources */,
			);
			buildRules = (
			);
			dependencies = (
			);
			name = OtusHomeWork;
			packageProductDependencies = (
				B0B448DC25AC384300FCD9B9 /* Networking */,
				B07E82DA25AF1F7C009399AA /* UIComponents */,
				B0532F0E25C3EC1000BCD115 /* FootballService */,
			);
			productName = OtusHomeWork;
			productReference = B07C4B76258951FE005D01F4 /* OtusHomeWork.app */;
			productType = "com.apple.product-type.application";
		};
/* End PBXNativeTarget section */

/* Begin PBXProject section */
		B07C4B6E258951FE005D01F4 /* Project object */ = {
			isa = PBXProject;
			attributes = {
				LastSwiftUpdateCheck = 1220;
				LastUpgradeCheck = 1220;
				TargetAttributes = {
					B07C4B75258951FE005D01F4 = {
						CreatedOnToolsVersion = 12.2;
					};
				};
			};
			buildConfigurationList = B07C4B71258951FE005D01F4 /* Build configuration list for PBXProject "OtusHomeWork" */;
			compatibilityVersion = "Xcode 9.3";
			developmentRegion = en;
			hasScannedForEncodings = 0;
			knownRegions = (
				en,
				Base,
			);
			mainGroup = B07C4B6D258951FE005D01F4;
			productRefGroup = B07C4B77258951FE005D01F4 /* Products */;
			projectDirPath = "";
			projectRoot = "";
			targets = (
				B07C4B75258951FE005D01F4 /* OtusHomeWork */,
			);
		};
/* End PBXProject section */

/* Begin PBXResourcesBuildPhase section */
		B07C4B74258951FE005D01F4 /* Resources */ = {
			isa = PBXResourcesBuildPhase;
			buildActionMask = 2147483647;
			files = (
				B07C4B8125895201005D01F4 /* Preview Assets.xcassets in Resources */,
				B07C4B7E25895201005D01F4 /* Assets.xcassets in Resources */,
			);
			runOnlyForDeploymentPostprocessing = 0;
		};
/* End PBXResourcesBuildPhase section */

/* Begin PBXSourcesBuildPhase section */
		B07C4B72258951FE005D01F4 /* Sources */ = {
			isa = PBXSourcesBuildPhase;
			buildActionMask = 2147483647;
			files = (
				B0532F1825C44E9A00BCD115 /* ServiceLocator.swift in Sources */,
				B0B44A6825ACC0B200FCD9B9 /* CompetitionViewModel.swift in Sources */,
				B0B44A6C25ACEE2200FCD9B9 /* MatchesView.swift in Sources */,
				B07E82E025AF8938009399AA /* MatchView.swift in Sources */,
				B0B44A6F25ACEE7800FCD9B9 /* MatchesListViewModel.swift in Sources */,
				B07C4B952589613B005D01F4 /* NewsScreen.swift in Sources */,
				B03260F7258FE980009F8DAE /* TeamsViewModel.swift in Sources */,
				B03260E5258FA8D2009F8DAE /* ProfileScreen.swift in Sources */,
				B03260EB258FE088009F8DAE /* CompetitionsListViewModel.swift in Sources */,
				B0B44A6525ACBF2500FCD9B9 /* CompetitionView.swift in Sources */,
				B03260E8258FDF81009F8DAE /* CompetitionsListView.swift in Sources */,
				B07C4B7C258951FE005D01F4 /* RootView.swift in Sources */,
				B03260F0258FE907009F8DAE /* TeamsScreen.swift in Sources */,
				B0117A8A25CB3704004C1486 /* DependeciesContainer.swift in Sources */,
				B03260F4258FE936009F8DAE /* TeamsView.swift in Sources */,
				B07C4B98258963BE005D01F4 /* CompetitionsScreen.swift in Sources */,
				B07E82E325AF8A0C009399AA /* Extensions.swift in Sources */,
				B07C4B7A258951FE005D01F4 /* OtusHomeWorkApp.swift in Sources */,
				B07E82ED25B0DDF8009399AA /* TeamView.swift in Sources */,
			);
			runOnlyForDeploymentPostprocessing = 0;
		};
/* End PBXSourcesBuildPhase section */

/* Begin XCBuildConfiguration section */
		B07C4B8325895201005D01F4 /* Debug */ = {
			isa = XCBuildConfiguration;
			buildSettings = {
				ALWAYS_SEARCH_USER_PATHS = NO;
				CLANG_ANALYZER_NONNULL = YES;
				CLANG_ANALYZER_NUMBER_OBJECT_CONVERSION = YES_AGGRESSIVE;
				CLANG_CXX_LANGUAGE_STANDARD = "gnu++14";
				CLANG_CXX_LIBRARY = "libc++";
				CLANG_ENABLE_MODULES = YES;
				CLANG_ENABLE_OBJC_ARC = YES;
				CLANG_ENABLE_OBJC_WEAK = YES;
				CLANG_WARN_BLOCK_CAPTURE_AUTORELEASING = YES;
				CLANG_WARN_BOOL_CONVERSION = YES;
				CLANG_WARN_COMMA = YES;
				CLANG_WARN_CONSTANT_CONVERSION = YES;
				CLANG_WARN_DEPRECATED_OBJC_IMPLEMENTATIONS = YES;
				CLANG_WARN_DIRECT_OBJC_ISA_USAGE = YES_ERROR;
				CLANG_WARN_DOCUMENTATION_COMMENTS = YES;
				CLANG_WARN_EMPTY_BODY = YES;
				CLANG_WARN_ENUM_CONVERSION = YES;
				CLANG_WARN_INFINITE_RECURSION = YES;
				CLANG_WARN_INT_CONVERSION = YES;
				CLANG_WARN_NON_LITERAL_NULL_CONVERSION = YES;
				CLANG_WARN_OBJC_IMPLICIT_RETAIN_SELF = YES;
				CLANG_WARN_OBJC_LITERAL_CONVERSION = YES;
				CLANG_WARN_OBJC_ROOT_CLASS = YES_ERROR;
				CLANG_WARN_QUOTED_INCLUDE_IN_FRAMEWORK_HEADER = YES;
				CLANG_WARN_RANGE_LOOP_ANALYSIS = YES;
				CLANG_WARN_STRICT_PROTOTYPES = YES;
				CLANG_WARN_SUSPICIOUS_MOVE = YES;
				CLANG_WARN_UNGUARDED_AVAILABILITY = YES_AGGRESSIVE;
				CLANG_WARN_UNREACHABLE_CODE = YES;
				CLANG_WARN__DUPLICATE_METHOD_MATCH = YES;
				COPY_PHASE_STRIP = NO;
				DEBUG_INFORMATION_FORMAT = dwarf;
				ENABLE_STRICT_OBJC_MSGSEND = YES;
				ENABLE_TESTABILITY = YES;
				GCC_C_LANGUAGE_STANDARD = gnu11;
				GCC_DYNAMIC_NO_PIC = NO;
				GCC_NO_COMMON_BLOCKS = YES;
				GCC_OPTIMIZATION_LEVEL = 0;
				GCC_PREPROCESSOR_DEFINITIONS = (
					"DEBUG=1",
					"$(inherited)",
				);
				GCC_WARN_64_TO_32_BIT_CONVERSION = YES;
				GCC_WARN_ABOUT_RETURN_TYPE = YES_ERROR;
				GCC_WARN_UNDECLARED_SELECTOR = YES;
				GCC_WARN_UNINITIALIZED_AUTOS = YES_AGGRESSIVE;
				GCC_WARN_UNUSED_FUNCTION = YES;
				GCC_WARN_UNUSED_VARIABLE = YES;
				IPHONEOS_DEPLOYMENT_TARGET = 14.2;
				MTL_ENABLE_DEBUG_INFO = INCLUDE_SOURCE;
				MTL_FAST_MATH = YES;
				ONLY_ACTIVE_ARCH = YES;
				SDKROOT = iphoneos;
				SWIFT_ACTIVE_COMPILATION_CONDITIONS = DEBUG;
				SWIFT_OPTIMIZATION_LEVEL = "-Onone";
			};
			name = Debug;
		};
		B07C4B8425895201005D01F4 /* Release */ = {
			isa = XCBuildConfiguration;
			buildSettings = {
				ALWAYS_SEARCH_USER_PATHS = NO;
				CLANG_ANALYZER_NONNULL = YES;
				CLANG_ANALYZER_NUMBER_OBJECT_CONVERSION = YES_AGGRESSIVE;
				CLANG_CXX_LANGUAGE_STANDARD = "gnu++14";
				CLANG_CXX_LIBRARY = "libc++";
				CLANG_ENABLE_MODULES = YES;
				CLANG_ENABLE_OBJC_ARC = YES;
				CLANG_ENABLE_OBJC_WEAK = YES;
				CLANG_WARN_BLOCK_CAPTURE_AUTORELEASING = YES;
				CLANG_WARN_BOOL_CONVERSION = YES;
				CLANG_WARN_COMMA = YES;
				CLANG_WARN_CONSTANT_CONVERSION = YES;
				CLANG_WARN_DEPRECATED_OBJC_IMPLEMENTATIONS = YES;
				CLANG_WARN_DIRECT_OBJC_ISA_USAGE = YES_ERROR;
				CLANG_WARN_DOCUMENTATION_COMMENTS = YES;
				CLANG_WARN_EMPTY_BODY = YES;
				CLANG_WARN_ENUM_CONVERSION = YES;
				CLANG_WARN_INFINITE_RECURSION = YES;
				CLANG_WARN_INT_CONVERSION = YES;
				CLANG_WARN_NON_LITERAL_NULL_CONVERSION = YES;
				CLANG_WARN_OBJC_IMPLICIT_RETAIN_SELF = YES;
				CLANG_WARN_OBJC_LITERAL_CONVERSION = YES;
				CLANG_WARN_OBJC_ROOT_CLASS = YES_ERROR;
				CLANG_WARN_QUOTED_INCLUDE_IN_FRAMEWORK_HEADER = YES;
				CLANG_WARN_RANGE_LOOP_ANALYSIS = YES;
				CLANG_WARN_STRICT_PROTOTYPES = YES;
				CLANG_WARN_SUSPICIOUS_MOVE = YES;
				CLANG_WARN_UNGUARDED_AVAILABILITY = YES_AGGRESSIVE;
				CLANG_WARN_UNREACHABLE_CODE = YES;
				CLANG_WARN__DUPLICATE_METHOD_MATCH = YES;
				COPY_PHASE_STRIP = NO;
				DEBUG_INFORMATION_FORMAT = "dwarf-with-dsym";
				ENABLE_NS_ASSERTIONS = NO;
				ENABLE_STRICT_OBJC_MSGSEND = YES;
				GCC_C_LANGUAGE_STANDARD = gnu11;
				GCC_NO_COMMON_BLOCKS = YES;
				GCC_WARN_64_TO_32_BIT_CONVERSION = YES;
				GCC_WARN_ABOUT_RETURN_TYPE = YES_ERROR;
				GCC_WARN_UNDECLARED_SELECTOR = YES;
				GCC_WARN_UNINITIALIZED_AUTOS = YES_AGGRESSIVE;
				GCC_WARN_UNUSED_FUNCTION = YES;
				GCC_WARN_UNUSED_VARIABLE = YES;
				IPHONEOS_DEPLOYMENT_TARGET = 14.2;
				MTL_ENABLE_DEBUG_INFO = NO;
				MTL_FAST_MATH = YES;
				SDKROOT = iphoneos;
				SWIFT_COMPILATION_MODE = wholemodule;
				SWIFT_OPTIMIZATION_LEVEL = "-O";
				VALIDATE_PRODUCT = YES;
			};
			name = Release;
		};
		B07C4B8625895201005D01F4 /* Debug */ = {
			isa = XCBuildConfiguration;
			buildSettings = {
				ASSETCATALOG_COMPILER_APPICON_NAME = AppIcon;
				ASSETCATALOG_COMPILER_GLOBAL_ACCENT_COLOR_NAME = AccentColor;
				CODE_SIGN_STYLE = Automatic;
				DEVELOPMENT_ASSET_PATHS = "\"OtusHomeWork/Preview Content\"";
				ENABLE_PREVIEWS = YES;
				INFOPLIST_FILE = OtusHomeWork/Info.plist;
				IPHONEOS_DEPLOYMENT_TARGET = 14.0;
				LD_RUNPATH_SEARCH_PATHS = (
					"$(inherited)",
					"@executable_path/Frameworks",
				);
				PRODUCT_BUNDLE_IDENTIFIER = ru.igorkravtsov.OtusHomeWork;
				PRODUCT_NAME = "$(TARGET_NAME)";
				SWIFT_VERSION = 5.0;
				TARGETED_DEVICE_FAMILY = "1,2";
			};
			name = Debug;
		};
		B07C4B8725895201005D01F4 /* Release */ = {
			isa = XCBuildConfiguration;
			buildSettings = {
				ASSETCATALOG_COMPILER_APPICON_NAME = AppIcon;
				ASSETCATALOG_COMPILER_GLOBAL_ACCENT_COLOR_NAME = AccentColor;
				CODE_SIGN_STYLE = Automatic;
				DEVELOPMENT_ASSET_PATHS = "\"OtusHomeWork/Preview Content\"";
				ENABLE_PREVIEWS = YES;
				INFOPLIST_FILE = OtusHomeWork/Info.plist;
				IPHONEOS_DEPLOYMENT_TARGET = 14.0;
				LD_RUNPATH_SEARCH_PATHS = (
					"$(inherited)",
					"@executable_path/Frameworks",
				);
				PRODUCT_BUNDLE_IDENTIFIER = ru.igorkravtsov.OtusHomeWork;
				PRODUCT_NAME = "$(TARGET_NAME)";
				SWIFT_VERSION = 5.0;
				TARGETED_DEVICE_FAMILY = "1,2";
			};
			name = Release;
		};
/* End XCBuildConfiguration section */

/* Begin XCConfigurationList section */
		B07C4B71258951FE005D01F4 /* Build configuration list for PBXProject "OtusHomeWork" */ = {
			isa = XCConfigurationList;
			buildConfigurations = (
				B07C4B8325895201005D01F4 /* Debug */,
				B07C4B8425895201005D01F4 /* Release */,
			);
			defaultConfigurationIsVisible = 0;
			defaultConfigurationName = Release;
		};
		B07C4B8525895201005D01F4 /* Build configuration list for PBXNativeTarget "OtusHomeWork" */ = {
			isa = XCConfigurationList;
			buildConfigurations = (
				B07C4B8625895201005D01F4 /* Debug */,
				B07C4B8725895201005D01F4 /* Release */,
			);
			defaultConfigurationIsVisible = 0;
			defaultConfigurationName = Release;
		};
/* End XCConfigurationList section */

/* Begin XCSwiftPackageProductDependency section */
		B0532F0E25C3EC1000BCD115 /* FootballService */ = {
			isa = XCSwiftPackageProductDependency;
			productName = FootballService;
		};
		B07E82DA25AF1F7C009399AA /* UIComponents */ = {
			isa = XCSwiftPackageProductDependency;
			productName = UIComponents;
		};
		B0B448DC25AC384300FCD9B9 /* Networking */ = {
			isa = XCSwiftPackageProductDependency;
			productName = Networking;
		};
/* End XCSwiftPackageProductDependency section */
	};
	rootObject = B07C4B6E258951FE005D01F4 /* Project object */;
}
